// !$*UTF8*$!
{
	archiveVersion = 1;
	classes = {
	};
	objectVersion = 55;
	objects = {

/* Begin PBXBuildFile section */
		11402DC1CB9F29254F36D95A /* Pods_NewsApp.framework in Frameworks */ = {isa = PBXBuildFile; fileRef = 5879236B0A4481B74E620A7C /* Pods_NewsApp.framework */; };
		1D010337280425B500B8CFC3 /* AppDelegate.swift in Sources */ = {isa = PBXBuildFile; fileRef = 1D010336280425B500B8CFC3 /* AppDelegate.swift */; };
		1D010339280425B500B8CFC3 /* SceneDelegate.swift in Sources */ = {isa = PBXBuildFile; fileRef = 1D010338280425B500B8CFC3 /* SceneDelegate.swift */; };
		1D01033B280425B500B8CFC3 /* ViewController.swift in Sources */ = {isa = PBXBuildFile; fileRef = 1D01033A280425B500B8CFC3 /* ViewController.swift */; };
		1D01033E280425B500B8CFC3 /* Main.storyboard in Resources */ = {isa = PBXBuildFile; fileRef = 1D01033C280425B500B8CFC3 /* Main.storyboard */; };
		1D010340280425B500B8CFC3 /* Assets.xcassets in Resources */ = {isa = PBXBuildFile; fileRef = 1D01033F280425B500B8CFC3 /* Assets.xcassets */; };
		1D010343280425B500B8CFC3 /* LaunchScreen.storyboard in Resources */ = {isa = PBXBuildFile; fileRef = 1D010341280425B500B8CFC3 /* LaunchScreen.storyboard */; };
		1D01034B2807534300B8CFC3 /* TableViewCell.swift in Sources */ = {isa = PBXBuildFile; fileRef = 1D01034A2807534300B8CFC3 /* TableViewCell.swift */; };
		1D2136F52812CC4C007BF53E /* SourceTableViewCell.swift in Sources */ = {isa = PBXBuildFile; fileRef = 1D2136F42812CC4C007BF53E /* SourceTableViewCell.swift */; };
		1D3128F7280C256300498FB9 /* MapViewController.swift in Sources */ = {isa = PBXBuildFile; fileRef = 1D3128F6280C256300498FB9 /* MapViewController.swift */; };
		1D3128F9280FD32000498FB9 /* TopHeadlinesViewController.swift in Sources */ = {isa = PBXBuildFile; fileRef = 1D3128F8280FD32000498FB9 /* TopHeadlinesViewController.swift */; };
		1D49CB17280FE08F003211D7 /* MapTableViewCell.swift in Sources */ = {isa = PBXBuildFile; fileRef = 1D49CB16280FE08F003211D7 /* MapTableViewCell.swift */; };
		1DC307B928114B8E00826D2A /* APIservices.swift in Sources */ = {isa = PBXBuildFile; fileRef = 1DC307B828114B8E00826D2A /* APIservices.swift */; };
		1DC307BB281151C000826D2A /* SearchViewController.swift in Sources */ = {isa = PBXBuildFile; fileRef = 1DC307BA281151C000826D2A /* SearchViewController.swift */; };
		1DC307BD2811547000826D2A /* NewsTableViewCell.swift in Sources */ = {isa = PBXBuildFile; fileRef = 1DC307BC2811547000826D2A /* NewsTableViewCell.swift */; };
		1DC3EC052812A709004C0564 /* CategorySourceViewController.swift in Sources */ = {isa = PBXBuildFile; fileRef = 1DC3EC042812A709004C0564 /* CategorySourceViewController.swift */; };
/* End PBXBuildFile section */

/* Begin PBXFileReference section */
		1D010333280425B500B8CFC3 /* NewsApp.app */ = {isa = PBXFileReference; explicitFileType = wrapper.application; includeInIndex = 0; path = NewsApp.app; sourceTree = BUILT_PRODUCTS_DIR; };
		1D010336280425B500B8CFC3 /* AppDelegate.swift */ = {isa = PBXFileReference; lastKnownFileType = sourcecode.swift; path = AppDelegate.swift; sourceTree = "<group>"; };
		1D010338280425B500B8CFC3 /* SceneDelegate.swift */ = {isa = PBXFileReference; lastKnownFileType = sourcecode.swift; path = SceneDelegate.swift; sourceTree = "<group>"; };
		1D01033A280425B500B8CFC3 /* ViewController.swift */ = {isa = PBXFileReference; lastKnownFileType = sourcecode.swift; path = ViewController.swift; sourceTree = "<group>"; };
		1D01033D280425B500B8CFC3 /* Base */ = {isa = PBXFileReference; lastKnownFileType = file.storyboard; name = Base; path = Base.lproj/Main.storyboard; sourceTree = "<group>"; };
		1D01033F280425B500B8CFC3 /* Assets.xcassets */ = {isa = PBXFileReference; lastKnownFileType = folder.assetcatalog; path = Assets.xcassets; sourceTree = "<group>"; };
		1D010342280425B500B8CFC3 /* Base */ = {isa = PBXFileReference; lastKnownFileType = file.storyboard; name = Base; path = Base.lproj/LaunchScreen.storyboard; sourceTree = "<group>"; };
		1D010344280425B500B8CFC3 /* Info.plist */ = {isa = PBXFileReference; lastKnownFileType = text.plist.xml; path = Info.plist; sourceTree = "<group>"; };
		1D01034A2807534300B8CFC3 /* TableViewCell.swift */ = {isa = PBXFileReference; lastKnownFileType = sourcecode.swift; path = TableViewCell.swift; sourceTree = "<group>"; };
		1D2136F42812CC4C007BF53E /* SourceTableViewCell.swift */ = {isa = PBXFileReference; lastKnownFileType = sourcecode.swift; path = SourceTableViewCell.swift; sourceTree = "<group>"; };
		1D3128F6280C256300498FB9 /* MapViewController.swift */ = {isa = PBXFileReference; lastKnownFileType = sourcecode.swift; path = MapViewController.swift; sourceTree = "<group>"; };
		1D3128F8280FD32000498FB9 /* TopHeadlinesViewController.swift */ = {isa = PBXFileReference; lastKnownFileType = sourcecode.swift; path = TopHeadlinesViewController.swift; sourceTree = "<group>"; };
		1D49CB16280FE08F003211D7 /* MapTableViewCell.swift */ = {isa = PBXFileReference; lastKnownFileType = sourcecode.swift; path = MapTableViewCell.swift; sourceTree = "<group>"; };
		1DC307B828114B8E00826D2A /* APIservices.swift */ = {isa = PBXFileReference; lastKnownFileType = sourcecode.swift; path = APIservices.swift; sourceTree = "<group>"; };
		1DC307BA281151C000826D2A /* SearchViewController.swift */ = {isa = PBXFileReference; lastKnownFileType = sourcecode.swift; path = SearchViewController.swift; sourceTree = "<group>"; };
		1DC307BC2811547000826D2A /* NewsTableViewCell.swift */ = {isa = PBXFileReference; lastKnownFileType = sourcecode.swift; path = NewsTableViewCell.swift; sourceTree = "<group>"; };
		1DC3EC042812A709004C0564 /* CategorySourceViewController.swift */ = {isa = PBXFileReference; lastKnownFileType = sourcecode.swift; path = CategorySourceViewController.swift; sourceTree = "<group>"; };
		5879236B0A4481B74E620A7C /* Pods_NewsApp.framework */ = {isa = PBXFileReference; explicitFileType = wrapper.framework; includeInIndex = 0; path = Pods_NewsApp.framework; sourceTree = BUILT_PRODUCTS_DIR; };
		5BCA14D8E3733471F5CCDA3E /* Pods-NewsApp.release.xcconfig */ = {isa = PBXFileReference; includeInIndex = 1; lastKnownFileType = text.xcconfig; name = "Pods-NewsApp.release.xcconfig"; path = "Target Support Files/Pods-NewsApp/Pods-NewsApp.release.xcconfig"; sourceTree = "<group>"; };
		C33940BC033015387021D01D /* Pods-NewsApp.debug.xcconfig */ = {isa = PBXFileReference; includeInIndex = 1; lastKnownFileType = text.xcconfig; name = "Pods-NewsApp.debug.xcconfig"; path = "Target Support Files/Pods-NewsApp/Pods-NewsApp.debug.xcconfig"; sourceTree = "<group>"; };
/* End PBXFileReference section */

/* Begin PBXFrameworksBuildPhase section */
		1D010330280425B500B8CFC3 /* Frameworks */ = {
			isa = PBXFrameworksBuildPhase;
			buildActionMask = 2147483647;
			files = (
				11402DC1CB9F29254F36D95A /* Pods_NewsApp.framework in Frameworks */,
			);
			runOnlyForDeploymentPostprocessing = 0;
		};
/* End PBXFrameworksBuildPhase section */

/* Begin PBXGroup section */
		1D01032A280425B500B8CFC3 = {
			isa = PBXGroup;
			children = (
				1D010335280425B500B8CFC3 /* NewsApp */,
				1D010334280425B500B8CFC3 /* Products */,
				DD763218B547BFAF91B85D04 /* Pods */,
				2111F0BE4EF4288E8D34F6F0 /* Frameworks */,
			);
			sourceTree = "<group>";
		};
		1D010334280425B500B8CFC3 /* Products */ = {
			isa = PBXGroup;
			children = (
				1D010333280425B500B8CFC3 /* NewsApp.app */,
			);
			name = Products;
			sourceTree = "<group>";
		};
		1D010335280425B500B8CFC3 /* NewsApp */ = {
			isa = PBXGroup;
			children = (
				1D010336280425B500B8CFC3 /* AppDelegate.swift */,
				1D010338280425B500B8CFC3 /* SceneDelegate.swift */,
				1DC307B828114B8E00826D2A /* APIservices.swift */,
				1D01033A280425B500B8CFC3 /* ViewController.swift */,
				1DC307BA281151C000826D2A /* SearchViewController.swift */,
				1D3128F6280C256300498FB9 /* MapViewController.swift */,
				1DC3EC042812A709004C0564 /* CategorySourceViewController.swift */,
				1D3128F8280FD32000498FB9 /* TopHeadlinesViewController.swift */,
				1D01034A2807534300B8CFC3 /* TableViewCell.swift */,
				1D49CB16280FE08F003211D7 /* MapTableViewCell.swift */,
				1DC307BC2811547000826D2A /* NewsTableViewCell.swift */,
				1D2136F42812CC4C007BF53E /* SourceTableViewCell.swift */,
				1D01033C280425B500B8CFC3 /* Main.storyboard */,
				1D010341280425B500B8CFC3 /* LaunchScreen.storyboard */,
				1D01033F280425B500B8CFC3 /* Assets.xcassets */,
				1D010344280425B500B8CFC3 /* Info.plist */,
			);
			path = NewsApp;
			sourceTree = "<group>";
		};
		2111F0BE4EF4288E8D34F6F0 /* Frameworks */ = {
			isa = PBXGroup;
			children = (
				5879236B0A4481B74E620A7C /* Pods_NewsApp.framework */,
			);
			name = Frameworks;
			sourceTree = "<group>";
		};
		DD763218B547BFAF91B85D04 /* Pods */ = {
			isa = PBXGroup;
			children = (
				C33940BC033015387021D01D /* Pods-NewsApp.debug.xcconfig */,
				5BCA14D8E3733471F5CCDA3E /* Pods-NewsApp.release.xcconfig */,
			);
			path = Pods;
			sourceTree = "<group>";
		};
/* End PBXGroup section */

/* Begin PBXNativeTarget section */
		1D010332280425B500B8CFC3 /* NewsApp */ = {
			isa = PBXNativeTarget;
			buildConfigurationList = 1D010347280425B500B8CFC3 /* Build configuration list for PBXNativeTarget "NewsApp" */;
			buildPhases = (
				DAFD2F95326ACB81DA4A5DEC /* [CP] Check Pods Manifest.lock */,
				1D01032F280425B500B8CFC3 /* Sources */,
				1D010330280425B500B8CFC3 /* Frameworks */,
				1D010331280425B500B8CFC3 /* Resources */,
				0DB93E4985C2CE3E0A40C5A3 /* [CP] Embed Pods Frameworks */,
			);
			buildRules = (
			);
			dependencies = (
			);
			name = NewsApp;
			productName = NewsApp;
			productReference = 1D010333280425B500B8CFC3 /* NewsApp.app */;
			productType = "com.apple.product-type.application";
		};
/* End PBXNativeTarget section */

/* Begin PBXProject section */
		1D01032B280425B500B8CFC3 /* Project object */ = {
			isa = PBXProject;
			attributes = {
				BuildIndependentTargetsInParallel = 1;
				LastSwiftUpdateCheck = 1330;
				LastUpgradeCheck = 1330;
				TargetAttributes = {
					1D010332280425B500B8CFC3 = {
						CreatedOnToolsVersion = 13.3;
					};
				};
			};
			buildConfigurationList = 1D01032E280425B500B8CFC3 /* Build configuration list for PBXProject "NewsApp" */;
			compatibilityVersion = "Xcode 13.0";
			developmentRegion = en;
			hasScannedForEncodings = 0;
			knownRegions = (
				en,
				Base,
			);
			mainGroup = 1D01032A280425B500B8CFC3;
			productRefGroup = 1D010334280425B500B8CFC3 /* Products */;
			projectDirPath = "";
			projectRoot = "";
			targets = (
				1D010332280425B500B8CFC3 /* NewsApp */,
			);
		};
/* End PBXProject section */

/* Begin PBXResourcesBuildPhase section */
		1D010331280425B500B8CFC3 /* Resources */ = {
			isa = PBXResourcesBuildPhase;
			buildActionMask = 2147483647;
			files = (
				1D010343280425B500B8CFC3 /* LaunchScreen.storyboard in Resources */,
				1D010340280425B500B8CFC3 /* Assets.xcassets in Resources */,
				1D01033E280425B500B8CFC3 /* Main.storyboard in Resources */,
			);
			runOnlyForDeploymentPostprocessing = 0;
		};
/* End PBXResourcesBuildPhase section */

/* Begin PBXShellScriptBuildPhase section */
		0DB93E4985C2CE3E0A40C5A3 /* [CP] Embed Pods Frameworks */ = {
			isa = PBXShellScriptBuildPhase;
			buildActionMask = 2147483647;
			files = (
			);
			inputFileListPaths = (
				"${PODS_ROOT}/Target Support Files/Pods-NewsApp/Pods-NewsApp-frameworks-${CONFIGURATION}-input-files.xcfilelist",
			);
			name = "[CP] Embed Pods Frameworks";
			outputFileListPaths = (
				"${PODS_ROOT}/Target Support Files/Pods-NewsApp/Pods-NewsApp-frameworks-${CONFIGURATION}-output-files.xcfilelist",
			);
			runOnlyForDeploymentPostprocessing = 0;
			shellPath = /bin/sh;
			shellScript = "\"${PODS_ROOT}/Target Support Files/Pods-NewsApp/Pods-NewsApp-frameworks.sh\"\n";
			showEnvVarsInLog = 0;
		};
		DAFD2F95326ACB81DA4A5DEC /* [CP] Check Pods Manifest.lock */ = {
			isa = PBXShellScriptBuildPhase;
			buildActionMask = 2147483647;
			files = (
			);
			inputFileListPaths = (
			);
			inputPaths = (
				"${PODS_PODFILE_DIR_PATH}/Podfile.lock",
				"${PODS_ROOT}/Manifest.lock",
			);
			name = "[CP] Check Pods Manifest.lock";
			outputFileListPaths = (
			);
			outputPaths = (
				"$(DERIVED_FILE_DIR)/Pods-NewsApp-checkManifestLockResult.txt",
			);
			runOnlyForDeploymentPostprocessing = 0;
			shellPath = /bin/sh;
			shellScript = "diff \"${PODS_PODFILE_DIR_PATH}/Podfile.lock\" \"${PODS_ROOT}/Manifest.lock\" > /dev/null\nif [ $? != 0 ] ; then\n    # print error to STDERR\n    echo \"error: The sandbox is not in sync with the Podfile.lock. Run 'pod install' or update your CocoaPods installation.\" >&2\n    exit 1\nfi\n# This output is used by Xcode 'outputs' to avoid re-running this script phase.\necho \"SUCCESS\" > \"${SCRIPT_OUTPUT_FILE_0}\"\n";
			showEnvVarsInLog = 0;
		};
/* End PBXShellScriptBuildPhase section */

/* Begin PBXSourcesBuildPhase section */
		1D01032F280425B500B8CFC3 /* Sources */ = {
			isa = PBXSourcesBuildPhase;
			buildActionMask = 2147483647;
			files = (
				1D01033B280425B500B8CFC3 /* ViewController.swift in Sources */,
				1D01034B2807534300B8CFC3 /* TableViewCell.swift in Sources */,
				1DC307BD2811547000826D2A /* NewsTableViewCell.swift in Sources */,
				1DC307B928114B8E00826D2A /* APIservices.swift in Sources */,
				1DC307BB281151C000826D2A /* SearchViewController.swift in Sources */,
				1D010337280425B500B8CFC3 /* AppDelegate.swift in Sources */,
				1DC3EC052812A709004C0564 /* CategorySourceViewController.swift in Sources */,
				1D49CB17280FE08F003211D7 /* MapTableViewCell.swift in Sources */,
				1D2136F52812CC4C007BF53E /* SourceTableViewCell.swift in Sources */,
				1D3128F7280C256300498FB9 /* MapViewController.swift in Sources */,
				1D3128F9280FD32000498FB9 /* TopHeadlinesViewController.swift in Sources */,
				1D010339280425B500B8CFC3 /* SceneDelegate.swift in Sources */,
			);
			runOnlyForDeploymentPostprocessing = 0;
		};
/* End PBXSourcesBuildPhase section */

/* Begin PBXVariantGroup section */
		1D01033C280425B500B8CFC3 /* Main.storyboard */ = {
			isa = PBXVariantGroup;
			children = (
				1D01033D280425B500B8CFC3 /* Base */,
			);
			name = Main.storyboard;
			sourceTree = "<group>";
		};
		1D010341280425B500B8CFC3 /* LaunchScreen.storyboard */ = {
			isa = PBXVariantGroup;
			children = (
				1D010342280425B500B8CFC3 /* Base */,
			);
			name = LaunchScreen.storyboard;
			sourceTree = "<group>";
		};
/* End PBXVariantGroup section */

/* Begin XCBuildConfiguration section */
		1D010345280425B500B8CFC3 /* Debug */ = {
			isa = XCBuildConfiguration;
			buildSettings = {
				ALWAYS_SEARCH_USER_PATHS = NO;
				CLANG_ANALYZER_NONNULL = YES;
				CLANG_ANALYZER_NUMBER_OBJECT_CONVERSION = YES_AGGRESSIVE;
				CLANG_CXX_LANGUAGE_STANDARD = "gnu++17";
				CLANG_ENABLE_MODULES = YES;
				CLANG_ENABLE_OBJC_ARC = YES;
				CLANG_ENABLE_OBJC_WEAK = YES;
				CLANG_WARN_BLOCK_CAPTURE_AUTORELEASING = YES;
				CLANG_WARN_BOOL_CONVERSION = YES;
				CLANG_WARN_COMMA = YES;
				CLANG_WARN_CONSTANT_CONVERSION = YES;
				CLANG_WARN_DEPRECATED_OBJC_IMPLEMENTATIONS = YES;
				CLANG_WARN_DIRECT_OBJC_ISA_USAGE = YES_ERROR;
				CLANG_WARN_DOCUMENTATION_COMMENTS = YES;
				CLANG_WARN_EMPTY_BODY = YES;
				CLANG_WARN_ENUM_CONVERSION = YES;
				CLANG_WARN_INFINITE_RECURSION = YES;
				CLANG_WARN_INT_CONVERSION = YES;
				CLANG_WARN_NON_LITERAL_NULL_CONVERSION = YES;
				CLANG_WARN_OBJC_IMPLICIT_RETAIN_SELF = YES;
				CLANG_WARN_OBJC_LITERAL_CONVERSION = YES;
				CLANG_WARN_OBJC_ROOT_CLASS = YES_ERROR;
				CLANG_WARN_QUOTED_INCLUDE_IN_FRAMEWORK_HEADER = YES;
				CLANG_WARN_RANGE_LOOP_ANALYSIS = YES;
				CLANG_WARN_STRICT_PROTOTYPES = YES;
				CLANG_WARN_SUSPICIOUS_MOVE = YES;
				CLANG_WARN_UNGUARDED_AVAILABILITY = YES_AGGRESSIVE;
				CLANG_WARN_UNREACHABLE_CODE = YES;
				CLANG_WARN__DUPLICATE_METHOD_MATCH = YES;
				COPY_PHASE_STRIP = NO;
				DEBUG_INFORMATION_FORMAT = dwarf;
				ENABLE_STRICT_OBJC_MSGSEND = YES;
				ENABLE_TESTABILITY = YES;
				GCC_C_LANGUAGE_STANDARD = gnu11;
				GCC_DYNAMIC_NO_PIC = NO;
				GCC_NO_COMMON_BLOCKS = YES;
				GCC_OPTIMIZATION_LEVEL = 0;
				GCC_PREPROCESSOR_DEFINITIONS = (
					"DEBUG=1",
					"$(inherited)",
				);
				GCC_WARN_64_TO_32_BIT_CONVERSION = YES;
				GCC_WARN_ABOUT_RETURN_TYPE = YES_ERROR;
				GCC_WARN_UNDECLARED_SELECTOR = YES;
				GCC_WARN_UNINITIALIZED_AUTOS = YES_AGGRESSIVE;
				GCC_WARN_UNUSED_FUNCTION = YES;
				GCC_WARN_UNUSED_VARIABLE = YES;
				IPHONEOS_DEPLOYMENT_TARGET = 15.4;
				MTL_ENABLE_DEBUG_INFO = INCLUDE_SOURCE;
				MTL_FAST_MATH = YES;
				ONLY_ACTIVE_ARCH = YES;
				SDKROOT = iphoneos;
				SWIFT_ACTIVE_COMPILATION_CONDITIONS = DEBUG;
				SWIFT_OPTIMIZATION_LEVEL = "-Onone";
			};
			name = Debug;
		};
		1D010346280425B500B8CFC3 /* Release */ = {
			isa = XCBuildConfiguration;
			buildSettings = {
				ALWAYS_SEARCH_USER_PATHS = NO;
				CLANG_ANALYZER_NONNULL = YES;
				CLANG_ANALYZER_NUMBER_OBJECT_CONVERSION = YES_AGGRESSIVE;
				CLANG_CXX_LANGUAGE_STANDARD = "gnu++17";
				CLANG_ENABLE_MODULES = YES;
				CLANG_ENABLE_OBJC_ARC = YES;
				CLANG_ENABLE_OBJC_WEAK = YES;
				CLANG_WARN_BLOCK_CAPTURE_AUTORELEASING = YES;
				CLANG_WARN_BOOL_CONVERSION = YES;
				CLANG_WARN_COMMA = YES;
				CLANG_WARN_CONSTANT_CONVERSION = YES;
				CLANG_WARN_DEPRECATED_OBJC_IMPLEMENTATIONS = YES;
				CLANG_WARN_DIRECT_OBJC_ISA_USAGE = YES_ERROR;
				CLANG_WARN_DOCUMENTATION_COMMENTS = YES;
				CLANG_WARN_EMPTY_BODY = YES;
				CLANG_WARN_ENUM_CONVERSION = YES;
				CLANG_WARN_INFINITE_RECURSION = YES;
				CLANG_WARN_INT_CONVERSION = YES;
				CLANG_WARN_NON_LITERAL_NULL_CONVERSION = YES;
				CLANG_WARN_OBJC_IMPLICIT_RETAIN_SELF = YES;
				CLANG_WARN_OBJC_LITERAL_CONVERSION = YES;
				CLANG_WARN_OBJC_ROOT_CLASS = YES_ERROR;
				CLANG_WARN_QUOTED_INCLUDE_IN_FRAMEWORK_HEADER = YES;
				CLANG_WARN_RANGE_LOOP_ANALYSIS = YES;
				CLANG_WARN_STRICT_PROTOTYPES = YES;
				CLANG_WARN_SUSPICIOUS_MOVE = YES;
				CLANG_WARN_UNGUARDED_AVAILABILITY = YES_AGGRESSIVE;
				CLANG_WARN_UNREACHABLE_CODE = YES;
				CLANG_WARN__DUPLICATE_METHOD_MATCH = YES;
				COPY_PHASE_STRIP = NO;
				DEBUG_INFORMATION_FORMAT = "dwarf-with-dsym";
				ENABLE_NS_ASSERTIONS = NO;
				ENABLE_STRICT_OBJC_MSGSEND = YES;
				GCC_C_LANGUAGE_STANDARD = gnu11;
				GCC_NO_COMMON_BLOCKS = YES;
				GCC_WARN_64_TO_32_BIT_CONVERSION = YES;
				GCC_WARN_ABOUT_RETURN_TYPE = YES_ERROR;
				GCC_WARN_UNDECLARED_SELECTOR = YES;
				GCC_WARN_UNINITIALIZED_AUTOS = YES_AGGRESSIVE;
				GCC_WARN_UNUSED_FUNCTION = YES;
				GCC_WARN_UNUSED_VARIABLE = YES;
				IPHONEOS_DEPLOYMENT_TARGET = 15.4;
				MTL_ENABLE_DEBUG_INFO = NO;
				MTL_FAST_MATH = YES;
				SDKROOT = iphoneos;
				SWIFT_COMPILATION_MODE = wholemodule;
				SWIFT_OPTIMIZATION_LEVEL = "-O";
				VALIDATE_PRODUCT = YES;
			};
			name = Release;
		};
		1D010348280425B500B8CFC3 /* Debug */ = {
			isa = XCBuildConfiguration;
			baseConfigurationReference = C33940BC033015387021D01D /* Pods-NewsApp.debug.xcconfig */;
			buildSettings = {
				ASSETCATALOG_COMPILER_APPICON_NAME = AppIcon;
				ASSETCATALOG_COMPILER_GLOBAL_ACCENT_COLOR_NAME = AccentColor;
				CODE_SIGN_STYLE = Automatic;
				CURRENT_PROJECT_VERSION = 1;
				GENERATE_INFOPLIST_FILE = YES;
				INFOPLIST_FILE = NewsApp/Info.plist;
				INFOPLIST_KEY_UIApplicationSupportsIndirectInputEvents = YES;
				INFOPLIST_KEY_UILaunchStoryboardName = LaunchScreen;
				INFOPLIST_KEY_UIMainStoryboardFile = Main;
				INFOPLIST_KEY_UISupportedInterfaceOrientations_iPad = "UIInterfaceOrientationPortrait UIInterfaceOrientationPortraitUpsideDown UIInterfaceOrientationLandscapeLeft UIInterfaceOrientationLandscapeRight";
				INFOPLIST_KEY_UISupportedInterfaceOrientations_iPhone = "UIInterfaceOrientationPortrait UIInterfaceOrientationLandscapeLeft UIInterfaceOrientationLandscapeRight";
				IPHONEOS_DEPLOYMENT_TARGET = 13.0;
				LD_RUNPATH_SEARCH_PATHS = (
					"$(inherited)",
					"@executable_path/Frameworks",
				);
				MARKETING_VERSION = 1.0;
				PRODUCT_BUNDLE_IDENTIFIER = test.NewsApp;
				PRODUCT_NAME = "$(TARGET_NAME)";
				SWIFT_EMIT_LOC_STRINGS = YES;
				SWIFT_VERSION = 5.0;
				TARGETED_DEVICE_FAMILY = "1,2";
			};
			name = Debug;
		};
		1D010349280425B500B8CFC3 /* Release */ = {
			isa = XCBuildConfiguration;
			baseConfigurationReference = 5BCA14D8E3733471F5CCDA3E /* Pods-NewsApp.release.xcconfig */;
			buildSettings = {
				ASSETCATALOG_COMPILER_APPICON_NAME = AppIcon;
				ASSETCATALOG_COMPILER_GLOBAL_ACCENT_COLOR_NAME = AccentColor;
				CODE_SIGN_STYLE = Automatic;
				CURRENT_PROJECT_VERSION = 1;
				GENERATE_INFOPLIST_FILE = YES;
				INFOPLIST_FILE = NewsApp/Info.plist;
				INFOPLIST_KEY_UIApplicationSupportsIndirectInputEvents = YES;
				INFOPLIST_KEY_UILaunchStoryboardName = LaunchScreen;
				INFOPLIST_KEY_UIMainStoryboardFile = Main;
				INFOPLIST_KEY_UISupportedInterfaceOrientations_iPad = "UIInterfaceOrientationPortrait UIInterfaceOrientationPortraitUpsideDown UIInterfaceOrientationLandscapeLeft UIInterfaceOrientationLandscapeRight";
				INFOPLIST_KEY_UISupportedInterfaceOrientations_iPhone = "UIInterfaceOrientationPortrait UIInterfaceOrientationLandscapeLeft UIInterfaceOrientationLandscapeRight";
				IPHONEOS_DEPLOYMENT_TARGET = 13.0;
				LD_RUNPATH_SEARCH_PATHS = (
					"$(inherited)",
					"@executable_path/Frameworks",
				);
				MARKETING_VERSION = 1.0;
				PRODUCT_BUNDLE_IDENTIFIER = test.NewsApp;
				PRODUCT_NAME = "$(TARGET_NAME)";
				SWIFT_EMIT_LOC_STRINGS = YES;
				SWIFT_VERSION = 5.0;
				TARGETED_DEVICE_FAMILY = "1,2";
			};
			name = Release;
		};
/* End XCBuildConfiguration section */

/* Begin XCConfigurationList section */
		1D01032E280425B500B8CFC3 /* Build configuration list for PBXProject "NewsApp" */ = {
			isa = XCConfigurationList;
			buildConfigurations = (
				1D010345280425B500B8CFC3 /* Debug */,
				1D010346280425B500B8CFC3 /* Release */,
			);
			defaultConfigurationIsVisible = 0;
			defaultConfigurationName = Release;
		};
		1D010347280425B500B8CFC3 /* Build configuration list for PBXNativeTarget "NewsApp" */ = {
			isa = XCConfigurationList;
			buildConfigurations = (
				1D010348280425B500B8CFC3 /* Debug */,
				1D010349280425B500B8CFC3 /* Release */,
			);
			defaultConfigurationIsVisible = 0;
			defaultConfigurationName = Release;
		};
/* End XCConfigurationList section */
	};
	rootObject = 1D01032B280425B500B8CFC3 /* Project object */;
}
